{
  "name": "ys-agent-service",
  "version": "1.0.0",
  "lockfileVersion": 1,
  "requires": true,
  "dependencies": {
    "async-events-listener": {
      "version": "1.0.1",
      "resolved": "http://npm.51.nb/async-events-listener/download/async-events-listener-1.0.1.tgz",
      "integrity": "sha1-2HNMXRb4aJI9a0XXFS5QOin2Eqo="
    },
    "delegates": {
      "version": "1.0.0",
      "resolved": "http://npm.51.nb/delegates/download/delegates-1.0.0.tgz",
      "integrity": "sha1-hMbhWbgZBP3KWaDvRM2HDTElD5o="
    },
    "ipc-message": {
      "version": "1.0.10",
      "resolved": "http://npm.51.nb/ipc-message/download/ipc-message-1.0.10.tgz",
      "integrity": "sha1-7KLW6L50kIzy70KaXPPocrUkg1g=",
      "requires": {
        "async-events-listener": "1.0.1"
      }
    },
    "koa-compose": {
      "version": "4.0.0",
      "resolved": "http://npm.51.nb/koa-compose/download/koa-compose-4.0.0.tgz",
      "integrity": "sha1-KAClE9nDYe8NY4UrA45Pby1adzw="
    }
  }
}
